
Microsoft Visual Studio Solution File, Format Version 12.00
# Visual Studio Version 16
VisualStudioVersion = 16.0.30907.101
MinimumVisualStudioVersion = 10.0.40219.1
Project("{FAE04EC0-301F-11D3-BF4B-00C04F79EFBC}") = "MyDictionaryHomeWork", "MyDictionaryHomeWork\MyDictionaryHomeWork.csproj", "{2E658225-FB22-49AB-A36F-387EDB3571F6}"
EndProject
Global
	GlobalSection(SolutionConfigurationPlatforms) = preSolution
		Debug|Any CPU = Debug|Any CPU
		Release|Any CPU = Release|Any CPU
	EndGlobalSection
	GlobalSection(ProjectConfigurationPlatforms) = postSolution
		{2E658225-FB22-49AB-A36F-387EDB3571F6}.Debug|Any CPU.ActiveCfg = Debug|Any CPU
		{2E658225-FB22-49AB-A36F-387EDB3571F6}.Debug|Any CPU.Build.0 = Debug|Any CPU
		{2E658225-FB22-49AB-A36F-387EDB3571F6}.Release|Any CPU.ActiveCfg = Release|Any CPU
		{2E658225-FB22-49AB-A36F-387EDB3571F6}.Release|Any CPU.Build.0 = Release|Any CPU
	EndGlobalSection
	GlobalSection(SolutionProperties) = preSolution
		HideSolutionNode = FALSE
	EndGlobalSection
	GlobalSection(ExtensibilityGlobals) = postSolution
		SolutionGuid = {00177713-EDEB-438D-A29C-6F290F8EE7F8}
	EndGlobalSection
EndGlobal
